<?xml version="1.0" encoding="utf-8"?>
<Project ToolsVersion="4.0" xmlns="http://schemas.microsoft.com/developer/msbuild/2003">
  <ItemGroup>
    <Filter Include="Source Files">
      <UniqueIdentifier>{30e1f687-7713-4900-bb87-185a09d9af40}</UniqueIdentifier>
      <Extensions>cpp;c;cxx;rc;def;r;odl;idl;hpj;bat</Extensions>
    </Filter>
    <Filter Include="Header Files">
      <UniqueIdentifier>{c3b898ca-787e-474d-bd2f-2130a7400f39}</UniqueIdentifier>
      <Extensions>h;hpp;hxx;hm;inl</Extensions>
    </Filter>
    <Filter Include="Resource Files">
      <UniqueIdentifier>{95f1e773-aba8-43e2-b8bd-eefa90e71997}</UniqueIdentifier>
      <Extensions>ico;cur;bmp;dlg;rc2;rct;bin;rgs;gif;jpg;jpeg;jpe</Extensions>
    </Filter>
  </ItemGroup>
  <ItemGroup>
    <ClCompile Include="ErrorLookupService.cpp">
      <Filter>Source Files</Filter>
    </ClCompile>
    <ClCompile Include="OleDb.cpp">
      <Filter>Source Files</Filter>
    </ClCompile>
    <ClCompile Include="PgCommand.cpp">
      <Filter>Source Files</Filter>
    </ClCompile>
    <ClCompile Include="PgDs.cpp">
      <Filter>Source Files</Filter>
    </ClCompile>
    <ClCompile Include="PgMultipleResults.cpp">
      <Filter>Source Files</Filter>
    </ClCompile>
    <ClCompile Include="PgRS.cpp">
      <Filter>Source Files</Filter>
    </ClCompile>
    <ClCompile Include="PgSess.cpp">
      <Filter>Source Files</Filter>
    </ClCompile>
    <ClCompile Include="StdAfx.cpp">
      <Filter>Source Files</Filter>
    </ClCompile>
    <ClCompile Include="TypeInfo.cpp">
      <Filter>Source Files</Filter>
    </ClCompile>
  </ItemGroup>
  <ItemGroup>
    <Midl Include="OleDb.idl">
      <Filter>Source Files</Filter>
    </Midl>
  </ItemGroup>
  <ItemGroup>
    <ResourceCompile Include="OleDb.rc">
      <Filter>Source Files</Filter>
    </ResourceCompile>
  </ItemGroup>
  <ItemGroup>
    <ClInclude Include="autoarray.h">
      <Filter>Header Files</Filter>
    </ClInclude>
    <ClInclude Include="ErrorLookupService.h">
      <Filter>Header Files</Filter>
    </ClInclude>
    <ClInclude Include="PgCommand.h">
      <Filter>Header Files</Filter>
    </ClInclude>
    <ClInclude Include="PgDBSchemaRowsetImpl.h">
      <Filter>Header Files</Filter>
    </ClInclude>
    <ClInclude Include="PgDS.h">
      <Filter>Header Files</Filter>
    </ClInclude>
    <ClInclude Include="PgMultipleResults.h">
      <Filter>Header Files</Filter>
    </ClInclude>
    <ClInclude Include="PgRS.h">
      <Filter>Header Files</Filter>
    </ClInclude>
    <ClInclude Include="PgSess.h">
      <Filter>Header Files</Filter>
    </ClInclude>
    <ClInclude Include="Resource.h">
      <Filter>Header Files</Filter>
    </ClInclude>
    <ClInclude Include="StdAfx.h">
      <Filter>Header Files</Filter>
    </ClInclude>
    <ClInclude Include="TypeInfo.h">
      <Filter>Header Files</Filter>
    </ClInclude>
    <ClInclude Include="Unicode.h">
      <Filter>Header Files</Filter>
    </ClInclude>
  </ItemGroup>
  <ItemGroup>
    <Text Include="ReleaseNotes.txt" />
  </ItemGroup>
  <ItemGroup>
    <CustomBuild Include="OleDb.def">
      <Filter>Source Files</Filter>
    </CustomBuild>
    <CustomBuild Include="ErrorLookupService.rgs">
      <Filter>Resource Files</Filter>
    </CustomBuild>
    <CustomBuild Include="Pg.rgs">
      <Filter>Resource Files</Filter>
    </CustomBuild>
    <CustomBuild Include="AUTHORS" />
    <CustomBuild Include="ChangeLog" />
    <CustomBuild Include="COPYING" />
    <CustomBuild Include="Developers" />
    <CustomBuild Include="INSTALL" />
    <CustomBuild Include="README" />
  </ItemGroup>
  <ItemGroup>
    <None Include=".gitignore" />
  </ItemGroup>
</Project>